{
  "name": "@devs-studio/dynamo",
  "version": "1.0.7",
  "lockfileVersion": 2,
  "requires": true,
  "packages": {
    "": {
      "name": "@devs-studio/dynamo",
      "version": "1.0.7",
      "license": "ISC",
      "dependencies": {
        "@aws-sdk/util-dynamodb": "^3.121.0",
        "crypto-js": "^4.1.1"
      }
    },
    "node_modules/@aws-sdk/util-dynamodb": {
      "version": "3.121.0",
      "resolved": "https://registry.npmjs.org/@aws-sdk/util-dynamodb/-/util-dynamodb-3.121.0.tgz",
      "integrity": "sha512-TS6lLCOS5Lb1AAkVH/eLOqdf5VcMh7hsWgbdS3dH7EfCK4sf0gu2WYT6DDuRY8xjmSA7K33qFKhffjZG8oyz3Q==",
      "dependencies": {
        "tslib": "^2.3.1"
      },
      "engines": {
        "node": ">= 12.0.0"
      }
    },
    "node_modules/crypto-js": {
      "version": "4.1.1",
      "resolved": "https://registry.npmjs.org/crypto-js/-/crypto-js-4.1.1.tgz",
      "integrity": "sha512-o2JlM7ydqd3Qk9CA0L4NL6mTzU2sdx96a+oOfPu8Mkl/PK51vSyoi8/rQ8NknZtk44vq15lmhAj9CIAGwgeWKw=="
    },
    "node_modules/tslib": {
      "version": "2.4.0",
      "resolved": "https://registry.npmjs.org/tslib/-/tslib-2.4.0.tgz",
      "integrity": "sha512-d6xOpEDfsi2CZVlPQzGeux8XMwLT9hssAsaPYExaQMuYskwb+x1x7J371tWlbBdWHroy99KnVB6qIkUbs5X3UQ=="
    }
  },
  "dependencies": {
    "@aws-sdk/util-dynamodb": {
      "version": "3.121.0",
      "resolved": "https://registry.npmjs.org/@aws-sdk/util-dynamodb/-/util-dynamodb-3.121.0.tgz",
      "integrity": "sha512-TS6lLCOS5Lb1AAkVH/eLOqdf5VcMh7hsWgbdS3dH7EfCK4sf0gu2WYT6DDuRY8xjmSA7K33qFKhffjZG8oyz3Q==",
      "requires": {
        "tslib": "^2.3.1"
      }
    },
    "crypto-js": {
      "version": "4.1.1",
      "resolved": "https://registry.npmjs.org/crypto-js/-/crypto-js-4.1.1.tgz",
      "integrity": "sha512-o2JlM7ydqd3Qk9CA0L4NL6mTzU2sdx96a+oOfPu8Mkl/PK51vSyoi8/rQ8NknZtk44vq15lmhAj9CIAGwgeWKw=="
    },
    "tslib": {
      "version": "2.4.0",
      "resolved": "https://registry.npmjs.org/tslib/-/tslib-2.4.0.tgz",
      "integrity": "sha512-d6xOpEDfsi2CZVlPQzGeux8XMwLT9hssAsaPYExaQMuYskwb+x1x7J371tWlbBdWHroy99KnVB6qIkUbs5X3UQ=="
    }
  }
}
